
Microsoft Visual Studio Solution File, Format Version 12.00
# Visual Studio Version 17
VisualStudioVersion = 17.4.33110.190
MinimumVisualStudioVersion = 10.0.40219.1
Project("{FAE04EC0-301F-11D3-BF4B-00C04F79EFBC}") = "MacroEngine", "MacroEngine\MacroEngine.csproj", "{B739365B-E8EF-4C40-B1B6-581399D794B4}"
EndProject
Global
	GlobalSection(SolutionConfigurationPlatforms) = preSolution
		Debug|Any CPU = Debug|Any CPU
		Release|Any CPU = Release|Any CPU
	EndGlobalSection
	GlobalSection(ProjectConfigurationPlatforms) = postSolution
		{B739365B-E8EF-4C40-B1B6-581399D794B4}.Debug|Any CPU.ActiveCfg = Debug|Any CPU
		{B739365B-E8EF-4C40-B1B6-581399D794B4}.Debug|Any CPU.Build.0 = Debug|Any CPU
		{B739365B-E8EF-4C40-B1B6-581399D794B4}.Release|Any CPU.ActiveCfg = Release|Any CPU
		{B739365B-E8EF-4C40-B1B6-581399D794B4}.Release|Any CPU.Build.0 = Release|Any CPU
	EndGlobalSection
	GlobalSection(SolutionProperties) = preSolution
		HideSolutionNode = FALSE
	EndGlobalSection
	GlobalSection(ExtensibilityGlobals) = postSolution
		SolutionGuid = {DB97C941-246B-4D83-875A-F5A9CD00211F}
	EndGlobalSection
EndGlobal
